
Microsoft Visual Studio Solution File, Format Version 12.00
# Visual Studio Version 17
VisualStudioVersion = 17.0.31808.319
MinimumVisualStudioVersion = 10.0.40219.1
Project("{FAE04EC0-301F-11D3-BF4B-00C04F79EFBC}") = "DIO.Series", "DIO.Series\DIO.Series.csproj", "{C5B75D25-FA66-4736-A324-3BA77AD334C0}"
EndProject
Global
	GlobalSection(SolutionConfigurationPlatforms) = preSolution
		Debug|Any CPU = Debug|Any CPU
		Release|Any CPU = Release|Any CPU
	EndGlobalSection
	GlobalSection(ProjectConfigurationPlatforms) = postSolution
		{C5B75D25-FA66-4736-A324-3BA77AD334C0}.Debug|Any CPU.ActiveCfg = Debug|Any CPU
		{C5B75D25-FA66-4736-A324-3BA77AD334C0}.Debug|Any CPU.Build.0 = Debug|Any CPU
		{C5B75D25-FA66-4736-A324-3BA77AD334C0}.Release|Any CPU.ActiveCfg = Release|Any CPU
		{C5B75D25-FA66-4736-A324-3BA77AD334C0}.Release|Any CPU.Build.0 = Release|Any CPU
	EndGlobalSection
	GlobalSection(SolutionProperties) = preSolution
		HideSolutionNode = FALSE
	EndGlobalSection
	GlobalSection(ExtensibilityGlobals) = postSolution
		SolutionGuid = {115A6426-D75E-4F33-BC2E-EDA88C37414F}
	EndGlobalSection
EndGlobal
